
Microsoft Visual Studio Solution File, Format Version 12.00
# Visual Studio Version 17
VisualStudioVersion = 17.2.32602.215
MinimumVisualStudioVersion = 10.0.40219.1
Project("{2150E333-8FDC-42A3-9474-1A3956D46DE8}") = "CleanArch.Application", "CleanArch.Application", "{3A24A308-E082-4F97-93BC-3CCA279B8060}"
EndProject
Project("{2150E333-8FDC-42A3-9474-1A3956D46DE8}") = "CleanArch.Domain", "CleanArch.Domain", "{13B96516-18F7-426A-A503-539524055C5D}"
EndProject
Project("{2150E333-8FDC-42A3-9474-1A3956D46DE8}") = "CleanArch.Infra.IoC", "CleanArch.Infra.IoC", "{EAAFC5FD-029C-4848-BCB9-4C21F6008239}"
EndProject
Project("{2150E333-8FDC-42A3-9474-1A3956D46DE8}") = "CleanArch.Infra.Data", "CleanArch.Infra.Data", "{812C8B75-1546-431A-8245-302D463EDE0A}"
EndProject
Project("{2150E333-8FDC-42A3-9474-1A3956D46DE8}") = "CleanArch.UI.MVC", "CleanArch.UI.MVC", "{2442D13E-C616-4C6D-8FEE-4CC17CE97409}"
EndProject
Global
	GlobalSection(SolutionProperties) = preSolution
		HideSolutionNode = FALSE
	EndGlobalSection
	GlobalSection(ExtensibilityGlobals) = postSolution
		SolutionGuid = {A029881B-4F1F-4C01-B012-C0489FD35449}
	EndGlobalSection
EndGlobal
